
Microsoft Visual Studio Solution File, Format Version 12.00
# Visual Studio Version 17
VisualStudioVersion = 17.11.35327.3
MinimumVisualStudioVersion = 10.0.40219.1
Project("{FAE04EC0-301F-11D3-BF4B-00C04F79EFBC}") = "Assignment 3_4 WPF Coffee", "Assignment 3_4 WPF Coffee.csproj", "{B1284C53-3006-43FC-93F8-132664BFC41C}"
EndProject
Global
	GlobalSection(SolutionConfigurationPlatforms) = preSolution
		Debug|Any CPU = Debug|Any CPU
		Release|Any CPU = Release|Any CPU
	EndGlobalSection
	GlobalSection(ProjectConfigurationPlatforms) = postSolution
		{B1284C53-3006-43FC-93F8-132664BFC41C}.Debug|Any CPU.ActiveCfg = Debug|Any CPU
		{B1284C53-3006-43FC-93F8-132664BFC41C}.Debug|Any CPU.Build.0 = Debug|Any CPU
		{B1284C53-3006-43FC-93F8-132664BFC41C}.Release|Any CPU.ActiveCfg = Release|Any CPU
		{B1284C53-3006-43FC-93F8-132664BFC41C}.Release|Any CPU.Build.0 = Release|Any CPU
	EndGlobalSection
	GlobalSection(SolutionProperties) = preSolution
		HideSolutionNode = FALSE
	EndGlobalSection
	GlobalSection(ExtensibilityGlobals) = postSolution
		SolutionGuid = {ADCB5CF9-F789-4250-8F66-945E4635C54E}
	EndGlobalSection
EndGlobal
